
Microsoft Visual Studio Solution File, Format Version 12.00
# Visual Studio Version 16
VisualStudioVersion = 16.0.32413.511
MinimumVisualStudioVersion = 10.0.40219.1
Project("{FAE04EC0-301F-11D3-BF4B-00C04F79EFBC}") = "Kursach_Shop", "Kursach_Shop\Kursach_Shop.csproj", "{04EC9368-286B-4AEB-9BBC-1F3970A48A21}"
EndProject
Global
	GlobalSection(SolutionConfigurationPlatforms) = preSolution
		Debug|Any CPU = Debug|Any CPU
		Release|Any CPU = Release|Any CPU
	EndGlobalSection
	GlobalSection(ProjectConfigurationPlatforms) = postSolution
		{04EC9368-286B-4AEB-9BBC-1F3970A48A21}.Debug|Any CPU.ActiveCfg = Debug|Any CPU
		{04EC9368-286B-4AEB-9BBC-1F3970A48A21}.Debug|Any CPU.Build.0 = Debug|Any CPU
		{04EC9368-286B-4AEB-9BBC-1F3970A48A21}.Release|Any CPU.ActiveCfg = Release|Any CPU
		{04EC9368-286B-4AEB-9BBC-1F3970A48A21}.Release|Any CPU.Build.0 = Release|Any CPU
	EndGlobalSection
	GlobalSection(SolutionProperties) = preSolution
		HideSolutionNode = FALSE
	EndGlobalSection
	GlobalSection(ExtensibilityGlobals) = postSolution
		SolutionGuid = {6F5A192C-C340-4DE1-B134-027EB833DB6F}
	EndGlobalSection
EndGlobal
